// !$*UTF8*$!
{
	archiveVersion = 1;
	classes = {
	};
	objectVersion = 46;
	objects = {

/* Begin PBXBuildFile section */
		6709AAE31598DCCE0031E7C7 /* MessageUI.framework in Frameworks */ = {isa = PBXBuildFile; fileRef = 6709AAE21598DCCE0031E7C7 /* MessageUI.framework */; };
		6709AAF71598EA9E0031E7C7 /* options.png in Resources */ = {isa = PBXBuildFile; fileRef = 6709AAF61598EA9E0031E7C7 /* options.png */; };
		6709AB1D159A1C440031E7C7 /* Default.png in Resources */ = {isa = PBXBuildFile; fileRef = 6709AB1A159A1C440031E7C7 /* Default.png */; };
		6709AB1E159A1C440031E7C7 /* Default@2x.png in Resources */ = {isa = PBXBuildFile; fileRef = 6709AB1B159A1C440031E7C7 /* Default@2x.png */; };
		671079161590F4DB001CD49F /* CFNetwork.framework in Frameworks */ = {isa = PBXBuildFile; fileRef = 671079151590F4DB001CD49F /* CFNetwork.framework */; };
		671079181590F4E2001CD49F /* SystemConfiguration.framework in Frameworks */ = {isa = PBXBuildFile; fileRef = 671079171590F4E2001CD49F /* SystemConfiguration.framework */; };
		6710791C1590F558001CD49F /* MobileCoreServices.framework in Frameworks */ = {isa = PBXBuildFile; fileRef = 6710791B1590F558001CD49F /* MobileCoreServices.framework */; };
		6710791E1590F569001CD49F /* libz.dylib in Frameworks */ = {isa = PBXBuildFile; fileRef = 6710791D1590F569001CD49F /* libz.dylib */; };
		671079241590F5D2001CD49F /* libxml2.dylib in Frameworks */ = {isa = PBXBuildFile; fileRef = 671079231590F5D2001CD49F /* libxml2.dylib */; };
		67188F9B159E0D6E000E7D72 /* SoundViewController.m in Sources */ = {isa = PBXBuildFile; fileRef = 67188F9A159E0D6E000E7D72 /* SoundViewController.m */; };
		67188FA5159E195C000E7D72 /* MediaPlayer.framework in Frameworks */ = {isa = PBXBuildFile; fileRef = 67188FA4159E1954000E7D72 /* MediaPlayer.framework */; };
		67188FB3159E2DB9000E7D72 /* AudioToolbox.framework in Frameworks */ = {isa = PBXBuildFile; fileRef = 67188FB2159E2DB4000E7D72 /* AudioToolbox.framework */; };
		6718905D159EA427000E7D72 /* FMDatabase.m in Sources */ = {isa = PBXBuildFile; fileRef = 67189053159EA427000E7D72 /* FMDatabase.m */; };
		6718905E159EA427000E7D72 /* FMDatabaseAdditions.m in Sources */ = {isa = PBXBuildFile; fileRef = 67189055159EA427000E7D72 /* FMDatabaseAdditions.m */; };
		6718905F159EA427000E7D72 /* FMDatabasePool.m in Sources */ = {isa = PBXBuildFile; fileRef = 67189057159EA427000E7D72 /* FMDatabasePool.m */; };
		67189060159EA427000E7D72 /* FMDatabaseQueue.m in Sources */ = {isa = PBXBuildFile; fileRef = 67189059159EA427000E7D72 /* FMDatabaseQueue.m */; };
		67189061159EA427000E7D72 /* fmdb.m in Sources */ = {isa = PBXBuildFile; fileRef = 6718905A159EA427000E7D72 /* fmdb.m */; };
		67189062159EA427000E7D72 /* FMResultSet.m in Sources */ = {isa = PBXBuildFile; fileRef = 6718905C159EA427000E7D72 /* FMResultSet.m */; };
		67189068159EA4A4000E7D72 /* libsqlite3.0.dylib in Frameworks */ = {isa = PBXBuildFile; fileRef = 67189067159EA4A4000E7D72 /* libsqlite3.0.dylib */; };
		67189069159EAB84000E7D72 /* FMDatabase.m in Sources */ = {isa = PBXBuildFile; fileRef = 67189053159EA427000E7D72 /* FMDatabase.m */; };
		6718906A159EAB88000E7D72 /* FMDatabaseAdditions.m in Sources */ = {isa = PBXBuildFile; fileRef = 67189055159EA427000E7D72 /* FMDatabaseAdditions.m */; };
		6718906B159EAB8C000E7D72 /* FMDatabasePool.m in Sources */ = {isa = PBXBuildFile; fileRef = 67189057159EA427000E7D72 /* FMDatabasePool.m */; };
		6718906C159EAB90000E7D72 /* FMDatabaseQueue.m in Sources */ = {isa = PBXBuildFile; fileRef = 67189059159EA427000E7D72 /* FMDatabaseQueue.m */; };
		6718906D159EAB93000E7D72 /* FMResultSet.m in Sources */ = {isa = PBXBuildFile; fileRef = 6718905C159EA427000E7D72 /* FMResultSet.m */; };
		6739EF4E1591F694007EC645 /* CustomAnnotation.m in Sources */ = {isa = PBXBuildFile; fileRef = 6739EF4D1591F694007EC645 /* CustomAnnotation.m */; };
		6739EF4F1591F6B7007EC645 /* CustomAnnotation.m in Sources */ = {isa = PBXBuildFile; fileRef = 6739EF4D1591F694007EC645 /* CustomAnnotation.m */; };
		6739EF551591FCE1007EC645 /* LocationData.m in Sources */ = {isa = PBXBuildFile; fileRef = 6739EF541591FCE1007EC645 /* LocationData.m */; };
		6739EF6A159298B4007EC645 /* rec.png in Resources */ = {isa = PBXBuildFile; fileRef = 6739EF69159298B2007EC645 /* rec.png */; };
		6739EF6C1592A346007EC645 /* stop.png in Resources */ = {isa = PBXBuildFile; fileRef = 6739EF6B1592A343007EC645 /* stop.png */; };
		6739EF8015942131007EC645 /* LogMapViewController.m in Sources */ = {isa = PBXBuildFile; fileRef = 6739EF7F15942131007EC645 /* LogMapViewController.m */; };
		6739EF9E159461CE007EC645 /* UserLogData.m in Sources */ = {isa = PBXBuildFile; fileRef = 6739EF9D159461CE007EC645 /* UserLogData.m */; };
		673A3BE7180189B3000108AB /* Images.xcassets in Resources */ = {isa = PBXBuildFile; fileRef = 673A3BE6180189B3000108AB /* Images.xcassets */; };
		673CD7CC159ECC3400082C26 /* Icon.png in Resources */ = {isa = PBXBuildFile; fileRef = 673CD7CA159ECC3400082C26 /* Icon.png */; };
		673CD7CD159ECC3400082C26 /* Icon@2x.png in Resources */ = {isa = PBXBuildFile; fileRef = 673CD7CB159ECC3400082C26 /* Icon@2x.png */; };
		673CD7D3159F644200082C26 /* icon_information.png in Resources */ = {isa = PBXBuildFile; fileRef = 673CD7D2159F644200082C26 /* icon_information.png */; };
		673CD7D7159F676B00082C26 /* InformationViewController.m in Sources */ = {isa = PBXBuildFile; fileRef = 673CD7D6159F676B00082C26 /* InformationViewController.m */; };
		673CD7DC159F6D1400082C26 /* DetailViewController.m in Sources */ = {isa = PBXBuildFile; fileRef = 673CD7DB159F6D1400082C26 /* DetailViewController.m */; };
		67823D73158EFAC000C1F464 /* UIKit.framework in Frameworks */ = {isa = PBXBuildFile; fileRef = 67823D72158EFAC000C1F464 /* UIKit.framework */; };
		67823D75158EFAC000C1F464 /* Foundation.framework in Frameworks */ = {isa = PBXBuildFile; fileRef = 67823D74158EFAC000C1F464 /* Foundation.framework */; };
		67823D77158EFAC000C1F464 /* CoreGraphics.framework in Frameworks */ = {isa = PBXBuildFile; fileRef = 67823D76158EFAC000C1F464 /* CoreGraphics.framework */; };
		67823D7D158EFAC000C1F464 /* InfoPlist.strings in Resources */ = {isa = PBXBuildFile; fileRef = 67823D7B158EFAC000C1F464 /* InfoPlist.strings */; };
		67823D7F158EFAC000C1F464 /* main.m in Sources */ = {isa = PBXBuildFile; fileRef = 67823D7E158EFAC000C1F464 /* main.m */; };
		67823D83158EFAC000C1F464 /* AppDelegate.m in Sources */ = {isa = PBXBuildFile; fileRef = 67823D82158EFAC000C1F464 /* AppDelegate.m */; };
		67823D86158EFAC000C1F464 /* MainStoryboard_iPhone.storyboard in Resources */ = {isa = PBXBuildFile; fileRef = 67823D84158EFAC000C1F464 /* MainStoryboard_iPhone.storyboard */; };
		67823D89158EFAC000C1F464 /* MainStoryboard_iPad.storyboard in Resources */ = {isa = PBXBuildFile; fileRef = 67823D87158EFAC000C1F464 /* MainStoryboard_iPad.storyboard */; };
		67823D9F158EFAC100C1F464 /* SenTestingKit.framework in Frameworks */ = {isa = PBXBuildFile; fileRef = 67823D9E158EFAC100C1F464 /* SenTestingKit.framework */; };
		67823DA0158EFAC100C1F464 /* UIKit.framework in Frameworks */ = {isa = PBXBuildFile; fileRef = 67823D72158EFAC000C1F464 /* UIKit.framework */; };
		67823DA1158EFAC100C1F464 /* Foundation.framework in Frameworks */ = {isa = PBXBuildFile; fileRef = 67823D74158EFAC000C1F464 /* Foundation.framework */; };
		67823DA9158EFAC100C1F464 /* InfoPlist.strings in Resources */ = {isa = PBXBuildFile; fileRef = 67823DA7158EFAC100C1F464 /* InfoPlist.strings */; };
		67823DAC158EFAC100C1F464 /* BGSLoggerTests.m in Sources */ = {isa = PBXBuildFile; fileRef = 67823DAB158EFAC100C1F464 /* BGSLoggerTests.m */; };
		67823DB7158F114100C1F464 /* MapViewController.m in Sources */ = {isa = PBXBuildFile; fileRef = 67823DB6158F114100C1F464 /* MapViewController.m */; };
		67823DBC158F21B800C1F464 /* AVFoundation.framework in Frameworks */ = {isa = PBXBuildFile; fileRef = 67823DBB158F21B800C1F464 /* AVFoundation.framework */; };
		67823DBE158F21BE00C1F464 /* CoreAudio.framework in Frameworks */ = {isa = PBXBuildFile; fileRef = 67823DBD158F21BE00C1F464 /* CoreAudio.framework */; };
		67823DC0158F2A0600C1F464 /* MapKit.framework in Frameworks */ = {isa = PBXBuildFile; fileRef = 67823DBF158F2A0600C1F464 /* MapKit.framework */; };
		67823DC6158F2A8200C1F464 /* CoreLocation.framework in Frameworks */ = {isa = PBXBuildFile; fileRef = 67823DC5158F2A8200C1F464 /* CoreLocation.framework */; };
		6786AD8C158F6780005ACF16 /* 07-map-marker.png in Resources */ = {isa = PBXBuildFile; fileRef = 6786ACC3158F6780005ACF16 /* 07-map-marker.png */; };
		6786AE29158F6780005ACF16 /* 63-runner.png in Resources */ = {isa = PBXBuildFile; fileRef = 6786AD60158F6780005ACF16 /* 63-runner.png */; };
		6786AE2B158F6780005ACF16 /* 65-note.png in Resources */ = {isa = PBXBuildFile; fileRef = 6786AD62158F6780005ACF16 /* 65-note.png */; };
		67ECBD1B159A4703004EAB05 /* QuartzCore.framework in Frameworks */ = {isa = PBXBuildFile; fileRef = 67ECBD1A159A4703004EAB05 /* QuartzCore.framework */; };
		67ECBD22159A4A2E004EAB05 /* CustomAnnotationView.m in Sources */ = {isa = PBXBuildFile; fileRef = 67ECBD21159A4A2E004EAB05 /* CustomAnnotationView.m */; };
		67ECBD25159A50D8004EAB05 /* symbol-moving-annotation.png in Resources */ = {isa = PBXBuildFile; fileRef = 67ECBD23159A50D8004EAB05 /* symbol-moving-annotation.png */; };
		67ECBD26159A50D8004EAB05 /* symbol-moving-annotation@2x.png in Resources */ = {isa = PBXBuildFile; fileRef = 67ECBD24159A50D8004EAB05 /* symbol-moving-annotation@2x.png */; };
		67F979B01748F3E40009B843 /* Default-568h@2x.png in Resources */ = {isa = PBXBuildFile; fileRef = 67F979AF1748F3E40009B843 /* Default-568h@2x.png */; };
		67F979B2174900180009B843 /* BGSLogger.db in Resources */ = {isa = PBXBuildFile; fileRef = 67F979B1174900180009B843 /* BGSLogger.db */; };
		67F979B31749002D0009B843 /* BGSLogger.db in Resources */ = {isa = PBXBuildFile; fileRef = 67F979B1174900180009B843 /* BGSLogger.db */; };
/* End PBXBuildFile section */

/* Begin PBXContainerItemProxy section */
		67823DA2158EFAC100C1F464 /* PBXContainerItemProxy */ = {
			isa = PBXContainerItemProxy;
			containerPortal = 67823D65158EFAC000C1F464 /* Project object */;
			proxyType = 1;
			remoteGlobalIDString = 67823D6D158EFAC000C1F464;
			remoteInfo = BGSLogger;
		};
/* End PBXContainerItemProxy section */

/* Begin PBXFileReference section */
		6709AAE21598DCCE0031E7C7 /* MessageUI.framework */ = {isa = PBXFileReference; lastKnownFileType = wrapper.framework; name = MessageUI.framework; path = System/Library/Frameworks/MessageUI.framework; sourceTree = SDKROOT; };
		6709AAF61598EA9E0031E7C7 /* options.png */ = {isa = PBXFileReference; lastKnownFileType = image.png; path = options.png; sourceTree = "<group>"; };
		6709AB1A159A1C440031E7C7 /* Default.png */ = {isa = PBXFileReference; lastKnownFileType = image.png; path = Default.png; sourceTree = "<group>"; };
		6709AB1B159A1C440031E7C7 /* Default@2x.png */ = {isa = PBXFileReference; lastKnownFileType = image.png; path = "Default@2x.png"; sourceTree = "<group>"; };
		671079151590F4DB001CD49F /* CFNetwork.framework */ = {isa = PBXFileReference; lastKnownFileType = wrapper.framework; name = CFNetwork.framework; path = System/Library/Frameworks/CFNetwork.framework; sourceTree = SDKROOT; };
		671079171590F4E2001CD49F /* SystemConfiguration.framework */ = {isa = PBXFileReference; lastKnownFileType = wrapper.framework; name = SystemConfiguration.framework; path = System/Library/Frameworks/SystemConfiguration.framework; sourceTree = SDKROOT; };
		6710791B1590F558001CD49F /* MobileCoreServices.framework */ = {isa = PBXFileReference; lastKnownFileType = wrapper.framework; name = MobileCoreServices.framework; path = System/Library/Frameworks/MobileCoreServices.framework; sourceTree = SDKROOT; };
		6710791D1590F569001CD49F /* libz.dylib */ = {isa = PBXFileReference; lastKnownFileType = "compiled.mach-o.dylib"; name = libz.dylib; path = usr/lib/libz.dylib; sourceTree = SDKROOT; };
		671079231590F5D2001CD49F /* libxml2.dylib */ = {isa = PBXFileReference; lastKnownFileType = "compiled.mach-o.dylib"; name = libxml2.dylib; path = usr/lib/libxml2.dylib; sourceTree = SDKROOT; };
		67188F99159E0D6D000E7D72 /* SoundViewController.h */ = {isa = PBXFileReference; fileEncoding = 4; lastKnownFileType = sourcecode.c.h; path = SoundViewController.h; sourceTree = "<group>"; };
		67188F9A159E0D6E000E7D72 /* SoundViewController.m */ = {isa = PBXFileReference; fileEncoding = 4; lastKnownFileType = sourcecode.c.objc; path = SoundViewController.m; sourceTree = "<group>"; };
		67188FA4159E1954000E7D72 /* MediaPlayer.framework */ = {isa = PBXFileReference; lastKnownFileType = wrapper.framework; name = MediaPlayer.framework; path = System/Library/Frameworks/MediaPlayer.framework; sourceTree = SDKROOT; };
		67188FB2159E2DB4000E7D72 /* AudioToolbox.framework */ = {isa = PBXFileReference; lastKnownFileType = wrapper.framework; name = AudioToolbox.framework; path = System/Library/Frameworks/AudioToolbox.framework; sourceTree = SDKROOT; };
		67189052159EA427000E7D72 /* FMDatabase.h */ = {isa = PBXFileReference; fileEncoding = 4; lastKnownFileType = sourcecode.c.h; path = FMDatabase.h; sourceTree = "<group>"; };
		67189053159EA427000E7D72 /* FMDatabase.m */ = {isa = PBXFileReference; fileEncoding = 4; lastKnownFileType = sourcecode.c.objc; path = FMDatabase.m; sourceTree = "<group>"; };
		67189054159EA427000E7D72 /* FMDatabaseAdditions.h */ = {isa = PBXFileReference; fileEncoding = 4; lastKnownFileType = sourcecode.c.h; path = FMDatabaseAdditions.h; sourceTree = "<group>"; };
		67189055159EA427000E7D72 /* FMDatabaseAdditions.m */ = {isa = PBXFileReference; fileEncoding = 4; lastKnownFileType = sourcecode.c.objc; path = FMDatabaseAdditions.m; sourceTree = "<group>"; };
		67189056159EA427000E7D72 /* FMDatabasePool.h */ = {isa = PBXFileReference; fileEncoding = 4; lastKnownFileType = sourcecode.c.h; path = FMDatabasePool.h; sourceTree = "<group>"; };
		67189057159EA427000E7D72 /* FMDatabasePool.m */ = {isa = PBXFileReference; fileEncoding = 4; lastKnownFileType = sourcecode.c.objc; path = FMDatabasePool.m; sourceTree = "<group>"; };
		67189058159EA427000E7D72 /* FMDatabaseQueue.h */ = {isa = PBXFileReference; fileEncoding = 4; lastKnownFileType = sourcecode.c.h; path = FMDatabaseQueue.h; sourceTree = "<group>"; };
		67189059159EA427000E7D72 /* FMDatabaseQueue.m */ = {isa = PBXFileReference; fileEncoding = 4; lastKnownFileType = sourcecode.c.objc; path = FMDatabaseQueue.m; sourceTree = "<group>"; };
		6718905A159EA427000E7D72 /* fmdb.m */ = {isa = PBXFileReference; fileEncoding = 4; lastKnownFileType = sourcecode.c.objc; path = fmdb.m; sourceTree = "<group>"; };
		6718905B159EA427000E7D72 /* FMResultSet.h */ = {isa = PBXFileReference; fileEncoding = 4; lastKnownFileType = sourcecode.c.h; path = FMResultSet.h; sourceTree = "<group>"; };
		6718905C159EA427000E7D72 /* FMResultSet.m */ = {isa = PBXFileReference; fileEncoding = 4; lastKnownFileType = sourcecode.c.objc; path = FMResultSet.m; sourceTree = "<group>"; };
		67189067159EA4A4000E7D72 /* libsqlite3.0.dylib */ = {isa = PBXFileReference; lastKnownFileType = "compiled.mach-o.dylib"; name = libsqlite3.0.dylib; path = usr/lib/libsqlite3.0.dylib; sourceTree = SDKROOT; };
		6739EF4C1591F694007EC645 /* CustomAnnotation.h */ = {isa = PBXFileReference; fileEncoding = 4; lastKnownFileType = sourcecode.c.h; path = CustomAnnotation.h; sourceTree = "<group>"; };
		6739EF4D1591F694007EC645 /* CustomAnnotation.m */ = {isa = PBXFileReference; fileEncoding = 4; lastKnownFileType = sourcecode.c.objc; path = CustomAnnotation.m; sourceTree = "<group>"; };
		6739EF531591FCE1007EC645 /* LocationData.h */ = {isa = PBXFileReference; fileEncoding = 4; lastKnownFileType = sourcecode.c.h; path = LocationData.h; sourceTree = "<group>"; };
		6739EF541591FCE1007EC645 /* LocationData.m */ = {isa = PBXFileReference; fileEncoding = 4; lastKnownFileType = sourcecode.c.objc; path = LocationData.m; sourceTree = "<group>"; };
		6739EF69159298B2007EC645 /* rec.png */ = {isa = PBXFileReference; lastKnownFileType = image.png; path = rec.png; sourceTree = "<group>"; };
		6739EF6B1592A343007EC645 /* stop.png */ = {isa = PBXFileReference; lastKnownFileType = image.png; path = stop.png; sourceTree = "<group>"; };
		6739EF7E15942131007EC645 /* LogMapViewController.h */ = {isa = PBXFileReference; fileEncoding = 4; lastKnownFileType = sourcecode.c.h; path = LogMapViewController.h; sourceTree = "<group>"; };
		6739EF7F15942131007EC645 /* LogMapViewController.m */ = {isa = PBXFileReference; fileEncoding = 4; lastKnownFileType = sourcecode.c.objc; path = LogMapViewController.m; sourceTree = "<group>"; };
		6739EF9C159461CE007EC645 /* UserLogData.h */ = {isa = PBXFileReference; fileEncoding = 4; lastKnownFileType = sourcecode.c.h; path = UserLogData.h; sourceTree = "<group>"; };
		6739EF9D159461CE007EC645 /* UserLogData.m */ = {isa = PBXFileReference; fileEncoding = 4; lastKnownFileType = sourcecode.c.objc; path = UserLogData.m; sourceTree = "<group>"; };
		673A3BE6180189B3000108AB /* Images.xcassets */ = {isa = PBXFileReference; lastKnownFileType = folder.assetcatalog; path = Images.xcassets; sourceTree = "<group>"; };
		673CD7CA159ECC3400082C26 /* Icon.png */ = {isa = PBXFileReference; lastKnownFileType = image.png; path = Icon.png; sourceTree = "<group>"; };
		673CD7CB159ECC3400082C26 /* Icon@2x.png */ = {isa = PBXFileReference; lastKnownFileType = image.png; path = "Icon@2x.png"; sourceTree = "<group>"; };
		673CD7D2159F644200082C26 /* icon_information.png */ = {isa = PBXFileReference; lastKnownFileType = image.png; path = icon_information.png; sourceTree = "<group>"; };
		673CD7D5159F676B00082C26 /* InformationViewController.h */ = {isa = PBXFileReference; fileEncoding = 4; lastKnownFileType = sourcecode.c.h; path = InformationViewController.h; sourceTree = "<group>"; };
		673CD7D6159F676B00082C26 /* InformationViewController.m */ = {isa = PBXFileReference; fileEncoding = 4; lastKnownFileType = sourcecode.c.objc; path = InformationViewController.m; sourceTree = "<group>"; };
		673CD7DA159F6D1400082C26 /* DetailViewController.h */ = {isa = PBXFileReference; fileEncoding = 4; lastKnownFileType = sourcecode.c.h; path = DetailViewController.h; sourceTree = "<group>"; };
		673CD7DB159F6D1400082C26 /* DetailViewController.m */ = {isa = PBXFileReference; fileEncoding = 4; lastKnownFileType = sourcecode.c.objc; path = DetailViewController.m; sourceTree = "<group>"; };
		673CD7E7159F79C900082C26 /* ja */ = {isa = PBXFileReference; lastKnownFileType = file.storyboard; name = ja; path = ja.lproj/MainStoryboard_iPhone.storyboard; sourceTree = "<group>"; };
		67823D6E158EFAC000C1F464 /* BGSLogger.app */ = {isa = PBXFileReference; explicitFileType = wrapper.application; includeInIndex = 0; path = BGSLogger.app; sourceTree = BUILT_PRODUCTS_DIR; };
		67823D72158EFAC000C1F464 /* UIKit.framework */ = {isa = PBXFileReference; lastKnownFileType = wrapper.framework; name = UIKit.framework; path = System/Library/Frameworks/UIKit.framework; sourceTree = SDKROOT; };
		67823D74158EFAC000C1F464 /* Foundation.framework */ = {isa = PBXFileReference; lastKnownFileType = wrapper.framework; name = Foundation.framework; path = System/Library/Frameworks/Foundation.framework; sourceTree = SDKROOT; };
		67823D76158EFAC000C1F464 /* CoreGraphics.framework */ = {isa = PBXFileReference; lastKnownFileType = wrapper.framework; name = CoreGraphics.framework; path = System/Library/Frameworks/CoreGraphics.framework; sourceTree = SDKROOT; };
		67823D7A158EFAC000C1F464 /* BGSLogger-Info.plist */ = {isa = PBXFileReference; lastKnownFileType = text.plist.xml; path = "BGSLogger-Info.plist"; sourceTree = "<group>"; };
		67823D7C158EFAC000C1F464 /* en */ = {isa = PBXFileReference; lastKnownFileType = text.plist.strings; name = en; path = en.lproj/InfoPlist.strings; sourceTree = "<group>"; };
		67823D7E158EFAC000C1F464 /* main.m */ = {isa = PBXFileReference; lastKnownFileType = sourcecode.c.objc; path = main.m; sourceTree = "<group>"; };
		67823D80158EFAC000C1F464 /* BGSLogger-Prefix.pch */ = {isa = PBXFileReference; lastKnownFileType = sourcecode.c.h; path = "BGSLogger-Prefix.pch"; sourceTree = "<group>"; };
		67823D81158EFAC000C1F464 /* AppDelegate.h */ = {isa = PBXFileReference; lastKnownFileType = sourcecode.c.h; path = AppDelegate.h; sourceTree = "<group>"; };
		67823D82158EFAC000C1F464 /* AppDelegate.m */ = {isa = PBXFileReference; lastKnownFileType = sourcecode.c.objc; path = AppDelegate.m; sourceTree = "<group>"; };
		67823D85158EFAC000C1F464 /* en */ = {isa = PBXFileReference; lastKnownFileType = file.storyboard; name = en; path = en.lproj/MainStoryboard_iPhone.storyboard; sourceTree = "<group>"; };
		67823D88158EFAC000C1F464 /* en */ = {isa = PBXFileReference; lastKnownFileType = file.storyboard; name = en; path = en.lproj/MainStoryboard_iPad.storyboard; sourceTree = "<group>"; };
		67823D9D158EFAC100C1F464 /* BGSLoggerTests.octest */ = {isa = PBXFileReference; explicitFileType = wrapper.cfbundle; includeInIndex = 0; path = BGSLoggerTests.octest; sourceTree = BUILT_PRODUCTS_DIR; };
		67823D9E158EFAC100C1F464 /* SenTestingKit.framework */ = {isa = PBXFileReference; lastKnownFileType = wrapper.framework; name = SenTestingKit.framework; path = Library/Frameworks/SenTestingKit.framework; sourceTree = DEVELOPER_DIR; };
		67823DA6158EFAC100C1F464 /* BGSLoggerTests-Info.plist */ = {isa = PBXFileReference; lastKnownFileType = text.plist.xml; path = "BGSLoggerTests-Info.plist"; sourceTree = "<group>"; };
		67823DA8158EFAC100C1F464 /* en */ = {isa = PBXFileReference; lastKnownFileType = text.plist.strings; name = en; path = en.lproj/InfoPlist.strings; sourceTree = "<group>"; };
		67823DAA158EFAC100C1F464 /* BGSLoggerTests.h */ = {isa = PBXFileReference; lastKnownFileType = sourcecode.c.h; path = BGSLoggerTests.h; sourceTree = "<group>"; };
		67823DAB158EFAC100C1F464 /* BGSLoggerTests.m */ = {isa = PBXFileReference; lastKnownFileType = sourcecode.c.objc; path = BGSLoggerTests.m; sourceTree = "<group>"; };
		67823DB5158F114100C1F464 /* MapViewController.h */ = {isa = PBXFileReference; fileEncoding = 4; lastKnownFileType = sourcecode.c.h; path = MapViewController.h; sourceTree = "<group>"; };
		67823DB6158F114100C1F464 /* MapViewController.m */ = {isa = PBXFileReference; fileEncoding = 4; lastKnownFileType = sourcecode.c.objc; path = MapViewController.m; sourceTree = "<group>"; };
		67823DBB158F21B800C1F464 /* AVFoundation.framework */ = {isa = PBXFileReference; lastKnownFileType = wrapper.framework; name = AVFoundation.framework; path = System/Library/Frameworks/AVFoundation.framework; sourceTree = SDKROOT; };
		67823DBD158F21BE00C1F464 /* CoreAudio.framework */ = {isa = PBXFileReference; lastKnownFileType = wrapper.framework; name = CoreAudio.framework; path = System/Library/Frameworks/CoreAudio.framework; sourceTree = SDKROOT; };
		67823DBF158F2A0600C1F464 /* MapKit.framework */ = {isa = PBXFileReference; lastKnownFileType = wrapper.framework; name = MapKit.framework; path = System/Library/Frameworks/MapKit.framework; sourceTree = SDKROOT; };
		67823DC5158F2A8200C1F464 /* CoreLocation.framework */ = {isa = PBXFileReference; lastKnownFileType = wrapper.framework; name = CoreLocation.framework; path = System/Library/Frameworks/CoreLocation.framework; sourceTree = SDKROOT; };
		6786ACC3158F6780005ACF16 /* 07-map-marker.png */ = {isa = PBXFileReference; lastKnownFileType = image.png; path = "07-map-marker.png"; sourceTree = "<group>"; };
		6786AD60158F6780005ACF16 /* 63-runner.png */ = {isa = PBXFileReference; lastKnownFileType = image.png; path = "63-runner.png"; sourceTree = "<group>"; };
		6786AD62158F6780005ACF16 /* 65-note.png */ = {isa = PBXFileReference; lastKnownFileType = image.png; path = "65-note.png"; sourceTree = "<group>"; };
		67ECBD1A159A4703004EAB05 /* QuartzCore.framework */ = {isa = PBXFileReference; lastKnownFileType = wrapper.framework; name = QuartzCore.framework; path = System/Library/Frameworks/QuartzCore.framework; sourceTree = SDKROOT; };
		67ECBD20159A4A2E004EAB05 /* CustomAnnotationView.h */ = {isa = PBXFileReference; fileEncoding = 4; lastKnownFileType = sourcecode.c.h; path = CustomAnnotationView.h; sourceTree = "<group>"; };
		67ECBD21159A4A2E004EAB05 /* CustomAnnotationView.m */ = {isa = PBXFileReference; fileEncoding = 4; lastKnownFileType = sourcecode.c.objc; path = CustomAnnotationView.m; sourceTree = "<group>"; };
		67ECBD23159A50D8004EAB05 /* symbol-moving-annotation.png */ = {isa = PBXFileReference; lastKnownFileType = image.png; path = "symbol-moving-annotation.png"; sourceTree = "<group>"; };
		67ECBD24159A50D8004EAB05 /* symbol-moving-annotation@2x.png */ = {isa = PBXFileReference; lastKnownFileType = image.png; path = "symbol-moving-annotation@2x.png"; sourceTree = "<group>"; };
		67F979AF1748F3E40009B843 /* Default-568h@2x.png */ = {isa = PBXFileReference; lastKnownFileType = image.png; path = "Default-568h@2x.png"; sourceTree = "<group>"; };
		67F979B1174900180009B843 /* BGSLogger.db */ = {isa = PBXFileReference; lastKnownFileType = file; path = BGSLogger.db; sourceTree = "<group>"; };
/* End PBXFileReference section */

/* Begin PBXFrameworksBuildPhase section */
		67823D6B158EFAC000C1F464 /* Frameworks */ = {
			isa = PBXFrameworksBuildPhase;
			buildActionMask = 2147483647;
			files = (
				67189068159EA4A4000E7D72 /* libsqlite3.0.dylib in Frameworks */,
				67188FB3159E2DB9000E7D72 /* AudioToolbox.framework in Frameworks */,
				67188FA5159E195C000E7D72 /* MediaPlayer.framework in Frameworks */,
				67ECBD1B159A4703004EAB05 /* QuartzCore.framework in Frameworks */,
				6709AAE31598DCCE0031E7C7 /* MessageUI.framework in Frameworks */,
				671079241590F5D2001CD49F /* libxml2.dylib in Frameworks */,
				6710791E1590F569001CD49F /* libz.dylib in Frameworks */,
				67823D77158EFAC000C1F464 /* CoreGraphics.framework in Frameworks */,
				6710791C1590F558001CD49F /* MobileCoreServices.framework in Frameworks */,
				671079181590F4E2001CD49F /* SystemConfiguration.framework in Frameworks */,
				671079161590F4DB001CD49F /* CFNetwork.framework in Frameworks */,
				67823DC6158F2A8200C1F464 /* CoreLocation.framework in Frameworks */,
				67823DC0158F2A0600C1F464 /* MapKit.framework in Frameworks */,
				67823DBE158F21BE00C1F464 /* CoreAudio.framework in Frameworks */,
				67823DBC158F21B800C1F464 /* AVFoundation.framework in Frameworks */,
				67823D73158EFAC000C1F464 /* UIKit.framework in Frameworks */,
				67823D75158EFAC000C1F464 /* Foundation.framework in Frameworks */,
			);
			runOnlyForDeploymentPostprocessing = 0;
		};
		67823D99158EFAC100C1F464 /* Frameworks */ = {
			isa = PBXFrameworksBuildPhase;
			buildActionMask = 2147483647;
			files = (
				67823D9F158EFAC100C1F464 /* SenTestingKit.framework in Frameworks */,
				67823DA0158EFAC100C1F464 /* UIKit.framework in Frameworks */,
				67823DA1158EFAC100C1F464 /* Foundation.framework in Frameworks */,
			);
			runOnlyForDeploymentPostprocessing = 0;
		};
/* End PBXFrameworksBuildPhase section */

/* Begin PBXGroup section */
		67188FB4159E3260000E7D72 /* SoundView */ = {
			isa = PBXGroup;
			children = (
				67188F99159E0D6D000E7D72 /* SoundViewController.h */,
				67188F9A159E0D6E000E7D72 /* SoundViewController.m */,
			);
			name = SoundView;
			sourceTree = "<group>";
		};
		67189051159EA427000E7D72 /* FMDB */ = {
			isa = PBXGroup;
			children = (
				67189052159EA427000E7D72 /* FMDatabase.h */,
				67189053159EA427000E7D72 /* FMDatabase.m */,
				67189054159EA427000E7D72 /* FMDatabaseAdditions.h */,
				67189055159EA427000E7D72 /* FMDatabaseAdditions.m */,
				67189056159EA427000E7D72 /* FMDatabasePool.h */,
				67189057159EA427000E7D72 /* FMDatabasePool.m */,
				67189058159EA427000E7D72 /* FMDatabaseQueue.h */,
				67189059159EA427000E7D72 /* FMDatabaseQueue.m */,
				6718905A159EA427000E7D72 /* fmdb.m */,
				6718905B159EA427000E7D72 /* FMResultSet.h */,
				6718905C159EA427000E7D72 /* FMResultSet.m */,
			);
			name = FMDB;
			path = BGSLogger/FMDB;
			sourceTree = "<group>";
		};
		6739EF5E159265DC007EC645 /* MapView */ = {
			isa = PBXGroup;
			children = (
				67823DB5158F114100C1F464 /* MapViewController.h */,
				67823DB6158F114100C1F464 /* MapViewController.m */,
				673CD7D5159F676B00082C26 /* InformationViewController.h */,
				673CD7D6159F676B00082C26 /* InformationViewController.m */,
				673CD7DA159F6D1400082C26 /* DetailViewController.h */,
				673CD7DB159F6D1400082C26 /* DetailViewController.m */,
			);
			name = MapView;
			sourceTree = "<group>";
		};
		6739EF60159265EF007EC645 /* Util */ = {
			isa = PBXGroup;
			children = (
				6739EF531591FCE1007EC645 /* LocationData.h */,
				6739EF541591FCE1007EC645 /* LocationData.m */,
				6739EF9C159461CE007EC645 /* UserLogData.h */,
				6739EF9D159461CE007EC645 /* UserLogData.m */,
				6739EF4C1591F694007EC645 /* CustomAnnotation.h */,
				6739EF4D1591F694007EC645 /* CustomAnnotation.m */,
				67ECBD20159A4A2E004EAB05 /* CustomAnnotationView.h */,
				67ECBD21159A4A2E004EAB05 /* CustomAnnotationView.m */,
			);
			name = Util;
			sourceTree = "<group>";
		};
		6739EF7C1594211A007EC645 /* LogView */ = {
			isa = PBXGroup;
			children = (
				6739EF7E15942131007EC645 /* LogMapViewController.h */,
				6739EF7F15942131007EC645 /* LogMapViewController.m */,
			);
			name = LogView;
			sourceTree = "<group>";
		};
		67823D63158EFAC000C1F464 = {
			isa = PBXGroup;
			children = (
				67F979AF1748F3E40009B843 /* Default-568h@2x.png */,
				67189051159EA427000E7D72 /* FMDB */,
				6786ACBB158F6780005ACF16 /* icons */,
				67823D78158EFAC000C1F464 /* BGSLogger */,
				67823DA4158EFAC100C1F464 /* BGSLoggerTests */,
				67823D71158EFAC000C1F464 /* Frameworks */,
				67823D6F158EFAC000C1F464 /* Products */,
			);
			sourceTree = "<group>";
		};
		67823D6F158EFAC000C1F464 /* Products */ = {
			isa = PBXGroup;
			children = (
				67823D6E158EFAC000C1F464 /* BGSLogger.app */,
				67823D9D158EFAC100C1F464 /* BGSLoggerTests.octest */,
			);
			name = Products;
			sourceTree = "<group>";
		};
		67823D71158EFAC000C1F464 /* Frameworks */ = {
			isa = PBXGroup;
			children = (
				67189067159EA4A4000E7D72 /* libsqlite3.0.dylib */,
				67188FB2159E2DB4000E7D72 /* AudioToolbox.framework */,
				67188FA4159E1954000E7D72 /* MediaPlayer.framework */,
				67ECBD1A159A4703004EAB05 /* QuartzCore.framework */,
				6709AAE21598DCCE0031E7C7 /* MessageUI.framework */,
				671079231590F5D2001CD49F /* libxml2.dylib */,
				6710791D1590F569001CD49F /* libz.dylib */,
				6710791B1590F558001CD49F /* MobileCoreServices.framework */,
				671079171590F4E2001CD49F /* SystemConfiguration.framework */,
				671079151590F4DB001CD49F /* CFNetwork.framework */,
				67823DC5158F2A8200C1F464 /* CoreLocation.framework */,
				67823DBF158F2A0600C1F464 /* MapKit.framework */,
				67823DBD158F21BE00C1F464 /* CoreAudio.framework */,
				67823DBB158F21B800C1F464 /* AVFoundation.framework */,
				67823D72158EFAC000C1F464 /* UIKit.framework */,
				67823D74158EFAC000C1F464 /* Foundation.framework */,
				67823D76158EFAC000C1F464 /* CoreGraphics.framework */,
				67823D9E158EFAC100C1F464 /* SenTestingKit.framework */,
			);
			name = Frameworks;
			sourceTree = "<group>";
		};
		67823D78158EFAC000C1F464 /* BGSLogger */ = {
			isa = PBXGroup;
			children = (
				6739EF60159265EF007EC645 /* Util */,
				67188FB4159E3260000E7D72 /* SoundView */,
				6739EF7C1594211A007EC645 /* LogView */,
				6739EF5E159265DC007EC645 /* MapView */,
				67823D81158EFAC000C1F464 /* AppDelegate.h */,
				67823D82158EFAC000C1F464 /* AppDelegate.m */,
				67823D84158EFAC000C1F464 /* MainStoryboard_iPhone.storyboard */,
				67823D87158EFAC000C1F464 /* MainStoryboard_iPad.storyboard */,
				673A3BE6180189B3000108AB /* Images.xcassets */,
				67823D79158EFAC000C1F464 /* Supporting Files */,
			);
			path = BGSLogger;
			sourceTree = "<group>";
		};
		67823D79158EFAC000C1F464 /* Supporting Files */ = {
			isa = PBXGroup;
			children = (
				67F979B1174900180009B843 /* BGSLogger.db */,
				67823D7A158EFAC000C1F464 /* BGSLogger-Info.plist */,
				67823D7B158EFAC000C1F464 /* InfoPlist.strings */,
				67823D7E158EFAC000C1F464 /* main.m */,
				67823D80158EFAC000C1F464 /* BGSLogger-Prefix.pch */,
			);
			name = "Supporting Files";
			sourceTree = "<group>";
		};
		67823DA4158EFAC100C1F464 /* BGSLoggerTests */ = {
			isa = PBXGroup;
			children = (
				67823DAA158EFAC100C1F464 /* BGSLoggerTests.h */,
				67823DAB158EFAC100C1F464 /* BGSLoggerTests.m */,
				67823DA5158EFAC100C1F464 /* Supporting Files */,
			);
			path = BGSLoggerTests;
			sourceTree = "<group>";
		};
		67823DA5158EFAC100C1F464 /* Supporting Files */ = {
			isa = PBXGroup;
			children = (
				67823DA6158EFAC100C1F464 /* BGSLoggerTests-Info.plist */,
				67823DA7158EFAC100C1F464 /* InfoPlist.strings */,
			);
			name = "Supporting Files";
			sourceTree = "<group>";
		};
		6786ACBB158F6780005ACF16 /* icons */ = {
			isa = PBXGroup;
			children = (
				673CD7D2159F644200082C26 /* icon_information.png */,
				67ECBD23159A50D8004EAB05 /* symbol-moving-annotation.png */,
				67ECBD24159A50D8004EAB05 /* symbol-moving-annotation@2x.png */,
				6709AB1A159A1C440031E7C7 /* Default.png */,
				673CD7CA159ECC3400082C26 /* Icon.png */,
				673CD7CB159ECC3400082C26 /* Icon@2x.png */,
				6709AB1B159A1C440031E7C7 /* Default@2x.png */,
				6709AAF61598EA9E0031E7C7 /* options.png */,
				6739EF6B1592A343007EC645 /* stop.png */,
				6739EF69159298B2007EC645 /* rec.png */,
				6786ACC3158F6780005ACF16 /* 07-map-marker.png */,
				6786AD60158F6780005ACF16 /* 63-runner.png */,
				6786AD62158F6780005ACF16 /* 65-note.png */,
			);
			name = icons;
			path = BGSLogger/icons;
			sourceTree = "<group>";
		};
/* End PBXGroup section */

/* Begin PBXNativeTarget section */
		67823D6D158EFAC000C1F464 /* BGSLogger */ = {
			isa = PBXNativeTarget;
			buildConfigurationList = 67823DAF158EFAC100C1F464 /* Build configuration list for PBXNativeTarget "BGSLogger" */;
			buildPhases = (
				67823D6A158EFAC000C1F464 /* Sources */,
				67823D6B158EFAC000C1F464 /* Frameworks */,
				67823D6C158EFAC000C1F464 /* Resources */,
			);
			buildRules = (
			);
			dependencies = (
			);
			name = BGSLogger;
			productName = BGSLogger;
			productReference = 67823D6E158EFAC000C1F464 /* BGSLogger.app */;
			productType = "com.apple.product-type.application";
		};
		67823D9C158EFAC100C1F464 /* BGSLoggerTests */ = {
			isa = PBXNativeTarget;
			buildConfigurationList = 67823DB2158EFAC100C1F464 /* Build configuration list for PBXNativeTarget "BGSLoggerTests" */;
			buildPhases = (
				67823D98158EFAC100C1F464 /* Sources */,
				67823D99158EFAC100C1F464 /* Frameworks */,
				67823D9A158EFAC100C1F464 /* Resources */,
				67823D9B158EFAC100C1F464 /* ShellScript */,
			);
			buildRules = (
			);
			dependencies = (
				67823DA3158EFAC100C1F464 /* PBXTargetDependency */,
			);
			name = BGSLoggerTests;
			productName = BGSLoggerTests;
			productReference = 67823D9D158EFAC100C1F464 /* BGSLoggerTests.octest */;
			productType = "com.apple.product-type.bundle";
		};
/* End PBXNativeTarget section */

/* Begin PBXProject section */
		67823D65158EFAC000C1F464 /* Project object */ = {
			isa = PBXProject;
			attributes = {
				LastUpgradeCheck = 0500;
				ORGANIZATIONNAME = "The University of Tokyo";
			};
			buildConfigurationList = 67823D68158EFAC000C1F464 /* Build configuration list for PBXProject "BGSLogger" */;
			compatibilityVersion = "Xcode 3.2";
			developmentRegion = English;
			hasScannedForEncodings = 0;
			knownRegions = (
				en,
				ja,
			);
			mainGroup = 67823D63158EFAC000C1F464;
			productRefGroup = 67823D6F158EFAC000C1F464 /* Products */;
			projectDirPath = "";
			projectRoot = "";
			targets = (
				67823D6D158EFAC000C1F464 /* BGSLogger */,
				67823D9C158EFAC100C1F464 /* BGSLoggerTests */,
			);
		};
/* End PBXProject section */

/* Begin PBXResourcesBuildPhase section */
		67823D6C158EFAC000C1F464 /* Resources */ = {
			isa = PBXResourcesBuildPhase;
			buildActionMask = 2147483647;
			files = (
				67F979B31749002D0009B843 /* BGSLogger.db in Resources */,
				67823D7D158EFAC000C1F464 /* InfoPlist.strings in Resources */,
				67823D86158EFAC000C1F464 /* MainStoryboard_iPhone.storyboard in Resources */,
				67823D89158EFAC000C1F464 /* MainStoryboard_iPad.storyboard in Resources */,
				6786AD8C158F6780005ACF16 /* 07-map-marker.png in Resources */,
				6786AE29158F6780005ACF16 /* 63-runner.png in Resources */,
				6786AE2B158F6780005ACF16 /* 65-note.png in Resources */,
				6739EF6A159298B4007EC645 /* rec.png in Resources */,
				6739EF6C1592A346007EC645 /* stop.png in Resources */,
				6709AAF71598EA9E0031E7C7 /* options.png in Resources */,
				6709AB1D159A1C440031E7C7 /* Default.png in Resources */,
				6709AB1E159A1C440031E7C7 /* Default@2x.png in Resources */,
				67ECBD25159A50D8004EAB05 /* symbol-moving-annotation.png in Resources */,
				67ECBD26159A50D8004EAB05 /* symbol-moving-annotation@2x.png in Resources */,
				673CD7CC159ECC3400082C26 /* Icon.png in Resources */,
				673A3BE7180189B3000108AB /* Images.xcassets in Resources */,
				673CD7CD159ECC3400082C26 /* Icon@2x.png in Resources */,
				673CD7D3159F644200082C26 /* icon_information.png in Resources */,
				67F979B01748F3E40009B843 /* Default-568h@2x.png in Resources */,
			);
			runOnlyForDeploymentPostprocessing = 0;
		};
		67823D9A158EFAC100C1F464 /* Resources */ = {
			isa = PBXResourcesBuildPhase;
			buildActionMask = 2147483647;
			files = (
				67823DA9158EFAC100C1F464 /* InfoPlist.strings in Resources */,
				67F979B2174900180009B843 /* BGSLogger.db in Resources */,
			);
			runOnlyForDeploymentPostprocessing = 0;
		};
/* End PBXResourcesBuildPhase section */

/* Begin PBXShellScriptBuildPhase section */
		67823D9B158EFAC100C1F464 /* ShellScript */ = {
			isa = PBXShellScriptBuildPhase;
			buildActionMask = 2147483647;
			files = (
			);
			inputPaths = (
			);
			outputPaths = (
			);
			runOnlyForDeploymentPostprocessing = 0;
			shellPath = /bin/sh;
			shellScript = "# Run the unit tests in this test bundle.\n\"${SYSTEM_DEVELOPER_DIR}/Tools/RunUnitTests\"\n";
		};
/* End PBXShellScriptBuildPhase section */

/* Begin PBXSourcesBuildPhase section */
		67823D6A158EFAC000C1F464 /* Sources */ = {
			isa = PBXSourcesBuildPhase;
			buildActionMask = 2147483647;
			files = (
				6718906D159EAB93000E7D72 /* FMResultSet.m in Sources */,
				6718906C159EAB90000E7D72 /* FMDatabaseQueue.m in Sources */,
				6718906B159EAB8C000E7D72 /* FMDatabasePool.m in Sources */,
				6718906A159EAB88000E7D72 /* FMDatabaseAdditions.m in Sources */,
				67189069159EAB84000E7D72 /* FMDatabase.m in Sources */,
				6739EF4F1591F6B7007EC645 /* CustomAnnotation.m in Sources */,
				67823D7F158EFAC000C1F464 /* main.m in Sources */,
				67823D83158EFAC000C1F464 /* AppDelegate.m in Sources */,
				67823DB7158F114100C1F464 /* MapViewController.m in Sources */,
				6739EF551591FCE1007EC645 /* LocationData.m in Sources */,
				6739EF8015942131007EC645 /* LogMapViewController.m in Sources */,
				6739EF9E159461CE007EC645 /* UserLogData.m in Sources */,
				67ECBD22159A4A2E004EAB05 /* CustomAnnotationView.m in Sources */,
				67188F9B159E0D6E000E7D72 /* SoundViewController.m in Sources */,
				673CD7D7159F676B00082C26 /* InformationViewController.m in Sources */,
				673CD7DC159F6D1400082C26 /* DetailViewController.m in Sources */,
			);
			runOnlyForDeploymentPostprocessing = 0;
		};
		67823D98158EFAC100C1F464 /* Sources */ = {
			isa = PBXSourcesBuildPhase;
			buildActionMask = 2147483647;
			files = (
				67823DAC158EFAC100C1F464 /* BGSLoggerTests.m in Sources */,
				6739EF4E1591F694007EC645 /* CustomAnnotation.m in Sources */,
				6718905D159EA427000E7D72 /* FMDatabase.m in Sources */,
				6718905E159EA427000E7D72 /* FMDatabaseAdditions.m in Sources */,
				6718905F159EA427000E7D72 /* FMDatabasePool.m in Sources */,
				67189060159EA427000E7D72 /* FMDatabaseQueue.m in Sources */,
				67189061159EA427000E7D72 /* fmdb.m in Sources */,
				67189062159EA427000E7D72 /* FMResultSet.m in Sources */,
			);
			runOnlyForDeploymentPostprocessing = 0;
		};
/* End PBXSourcesBuildPhase section */

/* Begin PBXTargetDependency section */
		67823DA3158EFAC100C1F464 /* PBXTargetDependency */ = {
			isa = PBXTargetDependency;
			target = 67823D6D158EFAC000C1F464 /* BGSLogger */;
			targetProxy = 67823DA2158EFAC100C1F464 /* PBXContainerItemProxy */;
		};
/* End PBXTargetDependency section */

/* Begin PBXVariantGroup section */
		67823D7B158EFAC000C1F464 /* InfoPlist.strings */ = {
			isa = PBXVariantGroup;
			children = (
				67823D7C158EFAC000C1F464 /* en */,
			);
			name = InfoPlist.strings;
			sourceTree = "<group>";
		};
		67823D84158EFAC000C1F464 /* MainStoryboard_iPhone.storyboard */ = {
			isa = PBXVariantGroup;
			children = (
				67823D85158EFAC000C1F464 /* en */,
				673CD7E7159F79C900082C26 /* ja */,
			);
			name = MainStoryboard_iPhone.storyboard;
			sourceTree = "<group>";
		};
		67823D87158EFAC000C1F464 /* MainStoryboard_iPad.storyboard */ = {
			isa = PBXVariantGroup;
			children = (
				67823D88158EFAC000C1F464 /* en */,
			);
			name = MainStoryboard_iPad.storyboard;
			sourceTree = "<group>";
		};
		67823DA7158EFAC100C1F464 /* InfoPlist.strings */ = {
			isa = PBXVariantGroup;
			children = (
				67823DA8158EFAC100C1F464 /* en */,
			);
			name = InfoPlist.strings;
			sourceTree = "<group>";
		};
/* End PBXVariantGroup section */

/* Begin XCBuildConfiguration section */
		67823DAD158EFAC100C1F464 /* Debug */ = {
			isa = XCBuildConfiguration;
			buildSettings = {
				ALWAYS_SEARCH_USER_PATHS = NO;
				CLANG_WARN_BOOL_CONVERSION = YES;
				CLANG_WARN_CONSTANT_CONVERSION = YES;
				CLANG_WARN_EMPTY_BODY = YES;
				CLANG_WARN_ENUM_CONVERSION = YES;
				CLANG_WARN_INT_CONVERSION = YES;
				CLANG_WARN__DUPLICATE_METHOD_MATCH = YES;
				"CODE_SIGN_IDENTITY[sdk=iphoneos*]" = "iPhone Developer";
				COPY_PHASE_STRIP = NO;
				GCC_C_LANGUAGE_STANDARD = gnu99;
				GCC_DYNAMIC_NO_PIC = NO;
				GCC_OPTIMIZATION_LEVEL = 0;
				GCC_PREPROCESSOR_DEFINITIONS = (
					"DEBUG=1",
					"$(inherited)",
				);
				GCC_SYMBOLS_PRIVATE_EXTERN = NO;
				GCC_VERSION = com.apple.compilers.llvm.clang.1_0;
				GCC_WARN_64_TO_32_BIT_CONVERSION = YES;
				GCC_WARN_ABOUT_RETURN_TYPE = YES;
				GCC_WARN_UNDECLARED_SELECTOR = YES;
				GCC_WARN_UNINITIALIZED_AUTOS = YES;
				GCC_WARN_UNUSED_FUNCTION = YES;
				GCC_WARN_UNUSED_VARIABLE = YES;
				IPHONEOS_DEPLOYMENT_TARGET = 5.0;
				ONLY_ACTIVE_ARCH = YES;
				SDKROOT = iphoneos;
				TARGETED_DEVICE_FAMILY = "1,2";
			};
			name = Debug;
		};
		67823DAE158EFAC100C1F464 /* Release */ = {
			isa = XCBuildConfiguration;
			buildSettings = {
				ALWAYS_SEARCH_USER_PATHS = NO;
				CLANG_WARN_BOOL_CONVERSION = YES;
				CLANG_WARN_CONSTANT_CONVERSION = YES;
				CLANG_WARN_EMPTY_BODY = YES;
				CLANG_WARN_ENUM_CONVERSION = YES;
				CLANG_WARN_INT_CONVERSION = YES;
				CLANG_WARN__DUPLICATE_METHOD_MATCH = YES;
				"CODE_SIGN_IDENTITY[sdk=iphoneos*]" = "iPhone Developer";
				COPY_PHASE_STRIP = YES;
				GCC_C_LANGUAGE_STANDARD = gnu99;
				GCC_VERSION = com.apple.compilers.llvm.clang.1_0;
				GCC_WARN_64_TO_32_BIT_CONVERSION = YES;
				GCC_WARN_ABOUT_RETURN_TYPE = YES;
				GCC_WARN_UNDECLARED_SELECTOR = YES;
				GCC_WARN_UNINITIALIZED_AUTOS = YES;
				GCC_WARN_UNUSED_FUNCTION = YES;
				GCC_WARN_UNUSED_VARIABLE = YES;
				IPHONEOS_DEPLOYMENT_TARGET = 5.0;
				OTHER_CFLAGS = "-DNS_BLOCK_ASSERTIONS=1";
				SDKROOT = iphoneos;
				TARGETED_DEVICE_FAMILY = "1,2";
				VALIDATE_PRODUCT = YES;
			};
			name = Release;
		};
		67823DB0158EFAC100C1F464 /* Debug */ = {
			isa = XCBuildConfiguration;
			buildSettings = {
				ASSETCATALOG_COMPILER_APPICON_NAME = AppIcon;
				ASSETCATALOG_COMPILER_LAUNCHIMAGE_NAME = LaunchImage;
				GCC_PRECOMPILE_PREFIX_HEADER = YES;
				GCC_PREFIX_HEADER = "BGSLogger/BGSLogger-Prefix.pch";
				HEADER_SEARCH_PATHS = "$(SDKROOT)/usr/include/libxml2/**";
				INFOPLIST_FILE = "BGSLogger/BGSLogger-Info.plist";
				IPHONEOS_DEPLOYMENT_TARGET = 5.0;
				OTHER_LDFLAGS = (
					"-lz",
					"-lxml2",
				);
				PRODUCT_NAME = "$(TARGET_NAME)";
				TARGETED_DEVICE_FAMILY = 1;
				WRAPPER_EXTENSION = app;
			};
			name = Debug;
		};
		67823DB1158EFAC100C1F464 /* Release */ = {
			isa = XCBuildConfiguration;
			buildSettings = {
				ASSETCATALOG_COMPILER_APPICON_NAME = AppIcon;
				ASSETCATALOG_COMPILER_LAUNCHIMAGE_NAME = LaunchImage;
				GCC_PRECOMPILE_PREFIX_HEADER = YES;
				GCC_PREFIX_HEADER = "BGSLogger/BGSLogger-Prefix.pch";
				HEADER_SEARCH_PATHS = "$(SDKROOT)/usr/include/libxml2/**";
				INFOPLIST_FILE = "BGSLogger/BGSLogger-Info.plist";
				IPHONEOS_DEPLOYMENT_TARGET = 5.0;
				OTHER_LDFLAGS = (
					"-lz",
					"-lxml2",
				);
				PRODUCT_NAME = "$(TARGET_NAME)";
				TARGETED_DEVICE_FAMILY = 1;
				WRAPPER_EXTENSION = app;
			};
			name = Release;
		};
		67823DB3158EFAC100C1F464 /* Debug */ = {
			isa = XCBuildConfiguration;
			buildSettings = {
				BUNDLE_LOADER = "$(BUILT_PRODUCTS_DIR)/BGSLogger.app/BGSLogger";
				FRAMEWORK_SEARCH_PATHS = (
					"$(SDKROOT)/Developer/Library/Frameworks",
					"$(DEVELOPER_LIBRARY_DIR)/Frameworks",
				);
				GCC_PRECOMPILE_PREFIX_HEADER = YES;
				GCC_PREFIX_HEADER = "BGSLogger/BGSLogger-Prefix.pch";
				INFOPLIST_FILE = "BGSLoggerTests/BGSLoggerTests-Info.plist";
				PRODUCT_NAME = "$(TARGET_NAME)";
				TEST_HOST = "$(BUNDLE_LOADER)";
				WRAPPER_EXTENSION = octest;
			};
			name = Debug;
		};
		67823DB4158EFAC100C1F464 /* Release */ = {
			isa = XCBuildConfiguration;
			buildSettings = {
				BUNDLE_LOADER = "$(BUILT_PRODUCTS_DIR)/BGSLogger.app/BGSLogger";
				FRAMEWORK_SEARCH_PATHS = (
					"$(SDKROOT)/Developer/Library/Frameworks",
					"$(DEVELOPER_LIBRARY_DIR)/Frameworks",
				);
				GCC_PRECOMPILE_PREFIX_HEADER = YES;
				GCC_PREFIX_HEADER = "BGSLogger/BGSLogger-Prefix.pch";
				INFOPLIST_FILE = "BGSLoggerTests/BGSLoggerTests-Info.plist";
				PRODUCT_NAME = "$(TARGET_NAME)";
				TEST_HOST = "$(BUNDLE_LOADER)";
				WRAPPER_EXTENSION = octest;
			};
			name = Release;
		};
		67CC2E81159F951000A6FC52 /* Distribution */ = {
			isa = XCBuildConfiguration;
			buildSettings = {
				ALWAYS_SEARCH_USER_PATHS = NO;
				CLANG_WARN_BOOL_CONVERSION = YES;
				CLANG_WARN_CONSTANT_CONVERSION = YES;
				CLANG_WARN_EMPTY_BODY = YES;
				CLANG_WARN_ENUM_CONVERSION = YES;
				CLANG_WARN_INT_CONVERSION = YES;
				CLANG_WARN__DUPLICATE_METHOD_MATCH = YES;
				CODE_SIGN_IDENTITY = "iPhone Distribution: Masamichi Ueta";
				"CODE_SIGN_IDENTITY[sdk=iphoneos*]" = "iPhone Distribution: Masamichi Ueta";
				COPY_PHASE_STRIP = YES;
				GCC_C_LANGUAGE_STANDARD = gnu99;
				GCC_VERSION = com.apple.compilers.llvm.clang.1_0;
				GCC_WARN_64_TO_32_BIT_CONVERSION = YES;
				GCC_WARN_ABOUT_RETURN_TYPE = YES;
				GCC_WARN_UNDECLARED_SELECTOR = YES;
				GCC_WARN_UNINITIALIZED_AUTOS = YES;
				GCC_WARN_UNUSED_FUNCTION = YES;
				GCC_WARN_UNUSED_VARIABLE = YES;
				IPHONEOS_DEPLOYMENT_TARGET = 5.0;
				OTHER_CFLAGS = "-DNS_BLOCK_ASSERTIONS=1";
				PROVISIONING_PROFILE = "8D433F02-B5F8-42BB-B344-AE3B04BC0190";
				"PROVISIONING_PROFILE[sdk=iphoneos*]" = "8D433F02-B5F8-42BB-B344-AE3B04BC0190";
				SDKROOT = iphoneos;
				TARGETED_DEVICE_FAMILY = "1,2";
				VALIDATE_PRODUCT = YES;
			};
			name = Distribution;
		};
		67CC2E82159F951000A6FC52 /* Distribution */ = {
			isa = XCBuildConfiguration;
			buildSettings = {
				ASSETCATALOG_COMPILER_APPICON_NAME = AppIcon;
				ASSETCATALOG_COMPILER_LAUNCHIMAGE_NAME = LaunchImage;
				CODE_SIGN_IDENTITY = "iPhone Distribution: Masamichi Ueta";
				"CODE_SIGN_IDENTITY[sdk=iphoneos*]" = "iPhone Distribution: Masamichi Ueta";
				GCC_PRECOMPILE_PREFIX_HEADER = YES;
				GCC_PREFIX_HEADER = "BGSLogger/BGSLogger-Prefix.pch";
				HEADER_SEARCH_PATHS = "$(SDKROOT)/usr/include/libxml2/**";
				INFOPLIST_FILE = "BGSLogger/BGSLogger-Info.plist";
				IPHONEOS_DEPLOYMENT_TARGET = 5.0;
				OTHER_LDFLAGS = (
					"-lz",
					"-lxml2",
				);
				PRODUCT_NAME = "$(TARGET_NAME)";
				PROVISIONING_PROFILE = "8D433F02-B5F8-42BB-B344-AE3B04BC0190";
				"PROVISIONING_PROFILE[sdk=iphoneos*]" = "8D433F02-B5F8-42BB-B344-AE3B04BC0190";
				TARGETED_DEVICE_FAMILY = 1;
				WRAPPER_EXTENSION = app;
			};
			name = Distribution;
		};
		67CC2E83159F951000A6FC52 /* Distribution */ = {
			isa = XCBuildConfiguration;
			buildSettings = {
				BUNDLE_LOADER = "$(BUILT_PRODUCTS_DIR)/BGSLogger.app/BGSLogger";
				FRAMEWORK_SEARCH_PATHS = (
					"$(SDKROOT)/Developer/Library/Frameworks",
					"$(DEVELOPER_LIBRARY_DIR)/Frameworks",
				);
				GCC_PRECOMPILE_PREFIX_HEADER = YES;
				GCC_PREFIX_HEADER = "BGSLogger/BGSLogger-Prefix.pch";
				INFOPLIST_FILE = "BGSLoggerTests/BGSLoggerTests-Info.plist";
				PRODUCT_NAME = "$(TARGET_NAME)";
				TEST_HOST = "$(BUNDLE_LOADER)";
				WRAPPER_EXTENSION = octest;
			};
			name = Distribution;
		};
/* End XCBuildConfiguration section */

/* Begin XCConfigurationList section */
		67823D68158EFAC000C1F464 /* Build configuration list for PBXProject "BGSLogger" */ = {
			isa = XCConfigurationList;
			buildConfigurations = (
				67823DAD158EFAC100C1F464 /* Debug */,
				67823DAE158EFAC100C1F464 /* Release */,
				67CC2E81159F951000A6FC52 /* Distribution */,
			);
			defaultConfigurationIsVisible = 0;
			defaultConfigurationName = Release;
		};
		67823DAF158EFAC100C1F464 /* Build configuration list for PBXNativeTarget "BGSLogger" */ = {
			isa = XCConfigurationList;
			buildConfigurations = (
				67823DB0158EFAC100C1F464 /* Debug */,
				67823DB1158EFAC100C1F464 /* Release */,
				67CC2E82159F951000A6FC52 /* Distribution */,
			);
			defaultConfigurationIsVisible = 0;
			defaultConfigurationName = Release;
		};
		67823DB2158EFAC100C1F464 /* Build configuration list for PBXNativeTarget "BGSLoggerTests" */ = {
			isa = XCConfigurationList;
			buildConfigurations = (
				67823DB3158EFAC100C1F464 /* Debug */,
				67823DB4158EFAC100C1F464 /* Release */,
				67CC2E83159F951000A6FC52 /* Distribution */,
			);
			defaultConfigurationIsVisible = 0;
			defaultConfigurationName = Release;
		};
/* End XCConfigurationList section */
	};
	rootObject = 67823D65158EFAC000C1F464 /* Project object */;
}
